
Microsoft Visual Studio Solution File, Format Version 12.00
Project("{FAE04EC0-301F-11D3-BF4B-00C04F79EFBC}") = "MarsRoverKata", "MarsRoverKata\MarsRoverKata.csproj", "{4285C44D-90BD-4A95-9AF7-2D2FF2DFF31E}"
EndProject
Project("{FAE04EC0-301F-11D3-BF4B-00C04F79EFBC}") = "MarsRoverKataTest", "MarsRoverKataTest\MarsRoverKataTest.csproj", "{B7C6981A-683A-4846-8363-6836997E6E61}"
EndProject
Global
	GlobalSection(SolutionConfigurationPlatforms) = preSolution
		Debug|Any CPU = Debug|Any CPU
		Release|Any CPU = Release|Any CPU
	EndGlobalSection
	GlobalSection(ProjectConfigurationPlatforms) = postSolution
		{4285C44D-90BD-4A95-9AF7-2D2FF2DFF31E}.Debug|Any CPU.ActiveCfg = Debug|Any CPU
		{4285C44D-90BD-4A95-9AF7-2D2FF2DFF31E}.Debug|Any CPU.Build.0 = Debug|Any CPU
		{4285C44D-90BD-4A95-9AF7-2D2FF2DFF31E}.Release|Any CPU.ActiveCfg = Release|Any CPU
		{4285C44D-90BD-4A95-9AF7-2D2FF2DFF31E}.Release|Any CPU.Build.0 = Release|Any CPU
		{B7C6981A-683A-4846-8363-6836997E6E61}.Debug|Any CPU.ActiveCfg = Debug|Any CPU
		{B7C6981A-683A-4846-8363-6836997E6E61}.Debug|Any CPU.Build.0 = Debug|Any CPU
		{B7C6981A-683A-4846-8363-6836997E6E61}.Release|Any CPU.ActiveCfg = Release|Any CPU
		{B7C6981A-683A-4846-8363-6836997E6E61}.Release|Any CPU.Build.0 = Release|Any CPU
	EndGlobalSection
EndGlobal
